
Microsoft Visual Studio Solution File, Format Version 11.00
# Visual Studio 2010
Project("{FAE04EC0-301F-11D3-BF4B-00C04F79EFBC}") = "Informix4GLGrammar", "Informix4GLGrammar\Informix4GLGrammar.csproj", "{917CEAE4-E2C8-49EB-BAC6-F919DD79E516}"
EndProject
Project("{FAE04EC0-301F-11D3-BF4B-00C04F79EFBC}") = "Informix4GLLanguage2010", "Informix4GLStudio\Informix4GLLanguage2010.csproj", "{83ED6267-7BE9-4A9C-9B42-EB75B8EAEB23}"
EndProject
Project("{FAE04EC0-301F-11D3-BF4B-00C04F79EFBC}") = "010.Irony", "Irony\Irony\010.Irony.csproj", "{D81F5C91-D7DB-46E5-BC99-49488FB6814C}"
EndProject
Project("{FAE04EC0-301F-11D3-BF4B-00C04F79EFBC}") = "030.Irony.GrammarExplorer", "Irony\Irony.GrammarExplorer\030.Irony.GrammarExplorer.csproj", "{AE1C04A8-B03D-4144-98E9-BF66C50265E7}"
EndProject
Global
	GlobalSection(SolutionConfigurationPlatforms) = preSolution
		Debug|Any CPU = Debug|Any CPU
		Release|Any CPU = Release|Any CPU
	EndGlobalSection
	GlobalSection(ProjectConfigurationPlatforms) = postSolution
		{917CEAE4-E2C8-49EB-BAC6-F919DD79E516}.Debug|Any CPU.ActiveCfg = Debug|Any CPU
		{917CEAE4-E2C8-49EB-BAC6-F919DD79E516}.Debug|Any CPU.Build.0 = Debug|Any CPU
		{917CEAE4-E2C8-49EB-BAC6-F919DD79E516}.Release|Any CPU.ActiveCfg = Release|Any CPU
		{917CEAE4-E2C8-49EB-BAC6-F919DD79E516}.Release|Any CPU.Build.0 = Release|Any CPU
		{83ED6267-7BE9-4A9C-9B42-EB75B8EAEB23}.Debug|Any CPU.ActiveCfg = Debug|Any CPU
		{83ED6267-7BE9-4A9C-9B42-EB75B8EAEB23}.Debug|Any CPU.Build.0 = Debug|Any CPU
		{83ED6267-7BE9-4A9C-9B42-EB75B8EAEB23}.Release|Any CPU.ActiveCfg = Release|Any CPU
		{83ED6267-7BE9-4A9C-9B42-EB75B8EAEB23}.Release|Any CPU.Build.0 = Release|Any CPU
		{D81F5C91-D7DB-46E5-BC99-49488FB6814C}.Debug|Any CPU.ActiveCfg = Debug|Any CPU
		{D81F5C91-D7DB-46E5-BC99-49488FB6814C}.Debug|Any CPU.Build.0 = Debug|Any CPU
		{D81F5C91-D7DB-46E5-BC99-49488FB6814C}.Release|Any CPU.ActiveCfg = Release|Any CPU
		{D81F5C91-D7DB-46E5-BC99-49488FB6814C}.Release|Any CPU.Build.0 = Release|Any CPU
		{AE1C04A8-B03D-4144-98E9-BF66C50265E7}.Debug|Any CPU.ActiveCfg = Debug|Any CPU
		{AE1C04A8-B03D-4144-98E9-BF66C50265E7}.Debug|Any CPU.Build.0 = Debug|Any CPU
		{AE1C04A8-B03D-4144-98E9-BF66C50265E7}.Release|Any CPU.ActiveCfg = Release|Any CPU
		{AE1C04A8-B03D-4144-98E9-BF66C50265E7}.Release|Any CPU.Build.0 = Release|Any CPU
	EndGlobalSection
	GlobalSection(SolutionProperties) = preSolution
		HideSolutionNode = FALSE
	EndGlobalSection
EndGlobal
